{
  "name": "insightz",
  "lockfileVersion": 3,
  "requires": true,
  "packages": {
    "": {
      "dependencies": {
        "marked": "^17.0.1",
        "pdfplumber": "^0.0.1-security"
      }
    },
    "node_modules/marked": {
      "version": "17.0.1",
      "resolved": "https://registry.npmjs.org/marked/-/marked-17.0.1.tgz",
      "integrity": "sha512-boeBdiS0ghpWcSwoNm/jJBwdpFaMnZWRzjA6SkUMYb40SVaN1x7mmfGKp0jvexGcx+7y2La5zRZsYFZI6Qpypg==",
      "license": "MIT",
      "bin": {
        "marked": "bin/marked.js"
      },
      "engines": {
        "node": ">= 20"
      }
    },
    "node_modules/pdfplumber": {
      "version": "0.0.1-security",
      "resolved": "https://registry.npmjs.org/pdfplumber/-/pdfplumber-0.0.1-security.tgz",
      "integrity": "sha512-fBPCmZlZlZbOhvRJFdpUsh/EYsigtuMspi31GYOeMJJZIsvUo2SV5ahGBM5+pqvpQnBA/eI2WP2jhlrjtQ/u0Q=="
    }
  }
}
